
Microsoft Visual Studio Solution File, Format Version 12.00
# Visual Studio Version 17
VisualStudioVersion = 17.3.32804.467
MinimumVisualStudioVersion = 10.0.40219.1
Project("{FAE04EC0-301F-11D3-BF4B-00C04F79EFBC}") = "AspApiEfProject", "AspApiEfProject\AspApiEfProject.csproj", "{54CDF20A-4AB1-4093-B69E-AE7A50861791}"
EndProject
Global
	GlobalSection(SolutionConfigurationPlatforms) = preSolution
		Debug|Any CPU = Debug|Any CPU
		Release|Any CPU = Release|Any CPU
	EndGlobalSection
	GlobalSection(ProjectConfigurationPlatforms) = postSolution
		{54CDF20A-4AB1-4093-B69E-AE7A50861791}.Debug|Any CPU.ActiveCfg = Debug|Any CPU
		{54CDF20A-4AB1-4093-B69E-AE7A50861791}.Debug|Any CPU.Build.0 = Debug|Any CPU
		{54CDF20A-4AB1-4093-B69E-AE7A50861791}.Release|Any CPU.ActiveCfg = Release|Any CPU
		{54CDF20A-4AB1-4093-B69E-AE7A50861791}.Release|Any CPU.Build.0 = Release|Any CPU
	EndGlobalSection
	GlobalSection(SolutionProperties) = preSolution
		HideSolutionNode = FALSE
	EndGlobalSection
	GlobalSection(ExtensibilityGlobals) = postSolution
		SolutionGuid = {D052DC45-E3C5-4133-8441-7A52EA1A66FA}
	EndGlobalSection
EndGlobal
